{
  "name": "obopay-npm-library",
  "version": "1.0.0",
  "lockfileVersion": 1,
  "requires": true,
  "dependencies": {
    "@types/node": {
      "version": "10.14.2",
      "resolved": "https://registry.npmjs.org/@types/node/-/node-10.14.2.tgz",
      "integrity": "sha512-Y1kCfTShKcJH4CsG5+m5RMA+0tQKa8TrxyMczy0zE8QeDKbuOAJMF8JRM5ouCFyakaSoAhhgy2beCSKLVz+daw==",
      "dev": true
    }
  }
}
